Microsoft Visual Studio Solution File, Format Version 12.00
# Visual Studio Version 17
VisualStudioVersion = 17.5.2.0
MinimumVisualStudioVersion = 10.0.40219.1
Project("{FAE04EC0-301F-11D3-BF4B-00C04F79EFBC}") = "Compilador1", "Compilador1.csproj", "{BAD3D2C2-BAD3-0CAF-3CB6-ECFB99F55C69}"
EndProject
Global
	GlobalSection(SolutionConfigurationPlatforms) = preSolution
		Debug|Any CPU = Debug|Any CPU
		Release|Any CPU = Release|Any CPU
	EndGlobalSection
	GlobalSection(ProjectConfigurationPlatforms) = postSolution
		{BAD3D2C2-BAD3-0CAF-3CB6-ECFB99F55C69}.Debug|Any CPU.ActiveCfg = Debug|Any CPU
		{BAD3D2C2-BAD3-0CAF-3CB6-ECFB99F55C69}.Debug|Any CPU.Build.0 = Debug|Any CPU
		{BAD3D2C2-BAD3-0CAF-3CB6-ECFB99F55C69}.Release|Any CPU.ActiveCfg = Release|Any CPU
		{BAD3D2C2-BAD3-0CAF-3CB6-ECFB99F55C69}.Release|Any CPU.Build.0 = Release|Any CPU
	EndGlobalSection
	GlobalSection(SolutionProperties) = preSolution
		HideSolutionNode = FALSE
	EndGlobalSection
	GlobalSection(ExtensibilityGlobals) = postSolution
		SolutionGuid = {2235A5EF-2741-48E9-9DAA-1CF313964360}
	EndGlobalSection
EndGlobal
